
Microsoft Visual Studio Solution File, Format Version 12.00
# Visual Studio 15
VisualStudioVersion = 15.0.27703.2042
MinimumVisualStudioVersion = 10.0.40219.1
Project("{FAE04EC0-301F-11D3-BF4B-00C04F79EFBC}") = "HelloWorld", "HelloWorld\HelloWorld.csproj", "{4629A0C3-BD06-467F-966B-3EBFEA2B531F}"
EndProject
Global
	GlobalSection(SolutionConfigurationPlatforms) = preSolution
		Debug|Any CPU = Debug|Any CPU
		Release|Any CPU = Release|Any CPU
	EndGlobalSection
	GlobalSection(ProjectConfigurationPlatforms) = postSolution
		{4629A0C3-BD06-467F-966B-3EBFEA2B531F}.Debug|Any CPU.ActiveCfg = Debug|Any CPU
		{4629A0C3-BD06-467F-966B-3EBFEA2B531F}.Debug|Any CPU.Build.0 = Debug|Any CPU
		{4629A0C3-BD06-467F-966B-3EBFEA2B531F}.Release|Any CPU.ActiveCfg = Release|Any CPU
		{4629A0C3-BD06-467F-966B-3EBFEA2B531F}.Release|Any CPU.Build.0 = Release|Any CPU
	EndGlobalSection
	GlobalSection(SolutionProperties) = preSolution
		HideSolutionNode = FALSE
	EndGlobalSection
	GlobalSection(ExtensibilityGlobals) = postSolution
		SolutionGuid = {10134C59-8407-45CD-A80E-F60D77DD453D}
	EndGlobalSection
EndGlobal
